// !$*UTF8*$!
{
	archiveVersion = 1;
	classes = {
	};
	objectVersion = 51;
	objects = {

/* Begin PBXBuildFile section */
		63E23BFAC032F51DAA3A01A7 /* Pods_GMApp.framework in Frameworks */ = {isa = PBXBuildFile; fileRef = 62DD852F5C6A40BDD4A84AD9 /* Pods_GMApp.framework */; };
		B802F2F22425FF8900FB9FD6 /* CustomLayout.swift in Sources */ = {isa = PBXBuildFile; fileRef = B802F2F12425FF8900FB9FD6 /* CustomLayout.swift */; };
		B8C516F32424D2780084C237 /* AppDelegate.swift in Sources */ = {isa = PBXBuildFile; fileRef = B8C516F22424D2780084C237 /* AppDelegate.swift */; };
		B8C516F52424D2780084C237 /* SceneDelegate.swift in Sources */ = {isa = PBXBuildFile; fileRef = B8C516F42424D2780084C237 /* SceneDelegate.swift */; };
		B8C516F72424D2780084C237 /* ViewController.swift in Sources */ = {isa = PBXBuildFile; fileRef = B8C516F62424D2780084C237 /* ViewController.swift */; };
		B8C516FA2424D2780084C237 /* Main.storyboard in Resources */ = {isa = PBXBuildFile; fileRef = B8C516F82424D2780084C237 /* Main.storyboard */; };
		B8C516FD2424D2780084C237 /* GMApp.xcdatamodeld in Sources */ = {isa = PBXBuildFile; fileRef = B8C516FB2424D2780084C237 /* GMApp.xcdatamodeld */; };
		B8C516FF2424D2790084C237 /* Assets.xcassets in Resources */ = {isa = PBXBuildFile; fileRef = B8C516FE2424D2790084C237 /* Assets.xcassets */; };
		B8C517022424D2790084C237 /* LaunchScreen.storyboard in Resources */ = {isa = PBXBuildFile; fileRef = B8C517002424D2790084C237 /* LaunchScreen.storyboard */; };
		B8C5170B2424D31D0084C237 /* ImageCell.swift in Sources */ = {isa = PBXBuildFile; fileRef = B8C517092424D31D0084C237 /* ImageCell.swift */; };
		B8C5170C2424D31D0084C237 /* ImageCell.xib in Resources */ = {isa = PBXBuildFile; fileRef = B8C5170A2424D31D0084C237 /* ImageCell.xib */; };
/* End PBXBuildFile section */

/* Begin PBXFileReference section */
		018E4A6708CE5EE4F56F042A /* Pods-GMApp.release.xcconfig */ = {isa = PBXFileReference; includeInIndex = 1; lastKnownFileType = text.xcconfig; name = "Pods-GMApp.release.xcconfig"; path = "Target Support Files/Pods-GMApp/Pods-GMApp.release.xcconfig"; sourceTree = "<group>"; };
		54FBB2FD123F14FFAFE8B0F2 /* Pods-GMApp.debug.xcconfig */ = {isa = PBXFileReference; includeInIndex = 1; lastKnownFileType = text.xcconfig; name = "Pods-GMApp.debug.xcconfig"; path = "Target Support Files/Pods-GMApp/Pods-GMApp.debug.xcconfig"; sourceTree = "<group>"; };
		62DD852F5C6A40BDD4A84AD9 /* Pods_GMApp.framework */ = {isa = PBXFileReference; explicitFileType = wrapper.framework; includeInIndex = 0; path = Pods_GMApp.framework; sourceTree = BUILT_PRODUCTS_DIR; };
		B802F2F12425FF8900FB9FD6 /* CustomLayout.swift */ = {isa = PBXFileReference; lastKnownFileType = sourcecode.swift; path = CustomLayout.swift; sourceTree = "<group>"; };
		B8C516EF2424D2780084C237 /* GMApp.app */ = {isa = PBXFileReference; explicitFileType = wrapper.application; includeInIndex = 0; path = GMApp.app; sourceTree = BUILT_PRODUCTS_DIR; };
		B8C516F22424D2780084C237 /* AppDelegate.swift */ = {isa = PBXFileReference; lastKnownFileType = sourcecode.swift; path = AppDelegate.swift; sourceTree = "<group>"; };
		B8C516F42424D2780084C237 /* SceneDelegate.swift */ = {isa = PBXFileReference; lastKnownFileType = sourcecode.swift; path = SceneDelegate.swift; sourceTree = "<group>"; };
		B8C516F62424D2780084C237 /* ViewController.swift */ = {isa = PBXFileReference; lastKnownFileType = sourcecode.swift; path = ViewController.swift; sourceTree = "<group>"; };
		B8C516F92424D2780084C237 /* Base */ = {isa = PBXFileReference; lastKnownFileType = file.storyboard; name = Base; path = Base.lproj/Main.storyboard; sourceTree = "<group>"; };
		B8C516FC2424D2780084C237 /* GMApp.xcdatamodel */ = {isa = PBXFileReference; lastKnownFileType = wrapper.xcdatamodel; path = GMApp.xcdatamodel; sourceTree = "<group>"; };
		B8C516FE2424D2790084C237 /* Assets.xcassets */ = {isa = PBXFileReference; lastKnownFileType = folder.assetcatalog; path = Assets.xcassets; sourceTree = "<group>"; };
		B8C517012424D2790084C237 /* Base */ = {isa = PBXFileReference; lastKnownFileType = file.storyboard; name = Base; path = Base.lproj/LaunchScreen.storyboard; sourceTree = "<group>"; };
		B8C517032424D2790084C237 /* Info.plist */ = {isa = PBXFileReference; lastKnownFileType = text.plist.xml; path = Info.plist; sourceTree = "<group>"; };
		B8C517092424D31D0084C237 /* ImageCell.swift */ = {isa = PBXFileReference; lastKnownFileType = sourcecode.swift; path = ImageCell.swift; sourceTree = "<group>"; };
		B8C5170A2424D31D0084C237 /* ImageCell.xib */ = {isa = PBXFileReference; lastKnownFileType = file.xib; path = ImageCell.xib; sourceTree = "<group>"; };
/* End PBXFileReference section */

/* Begin PBXFrameworksBuildPhase section */
		B8C516EC2424D2780084C237 /* Frameworks */ = {
			isa = PBXFrameworksBuildPhase;
			buildActionMask = 2147483647;
			files = (
				63E23BFAC032F51DAA3A01A7 /* Pods_GMApp.framework in Frameworks */,
			);
			runOnlyForDeploymentPostprocessing = 0;
		};
/* End PBXFrameworksBuildPhase section */

/* Begin PBXGroup section */
		4B8A4B5442DD33EB7CB550C8 /* Pods */ = {
			isa = PBXGroup;
			children = (
				54FBB2FD123F14FFAFE8B0F2 /* Pods-GMApp.debug.xcconfig */,
				018E4A6708CE5EE4F56F042A /* Pods-GMApp.release.xcconfig */,
			);
			path = Pods;
			sourceTree = "<group>";
		};
		B8C516E62424D2780084C237 = {
			isa = PBXGroup;
			children = (
				B8C516F12424D2780084C237 /* GMApp */,
				B8C516F02424D2780084C237 /* Products */,
				4B8A4B5442DD33EB7CB550C8 /* Pods */,
				BC95B680E7EDD0384164F45B /* Frameworks */,
			);
			sourceTree = "<group>";
		};
		B8C516F02424D2780084C237 /* Products */ = {
			isa = PBXGroup;
			children = (
				B8C516EF2424D2780084C237 /* GMApp.app */,
			);
			name = Products;
			sourceTree = "<group>";
		};
		B8C516F12424D2780084C237 /* GMApp */ = {
			isa = PBXGroup;
			children = (
				B8C516F22424D2780084C237 /* AppDelegate.swift */,
				B8C516F42424D2780084C237 /* SceneDelegate.swift */,
				B8C516F62424D2780084C237 /* ViewController.swift */,
				B802F2F12425FF8900FB9FD6 /* CustomLayout.swift */,
				B8C517092424D31D0084C237 /* ImageCell.swift */,
				B8C5170A2424D31D0084C237 /* ImageCell.xib */,
				B8C516F82424D2780084C237 /* Main.storyboard */,
				B8C516FE2424D2790084C237 /* Assets.xcassets */,
				B8C517002424D2790084C237 /* LaunchScreen.storyboard */,
				B8C517032424D2790084C237 /* Info.plist */,
				B8C516FB2424D2780084C237 /* GMApp.xcdatamodeld */,
			);
			path = GMApp;
			sourceTree = "<group>";
		};
		BC95B680E7EDD0384164F45B /* Frameworks */ = {
			isa = PBXGroup;
			children = (
				62DD852F5C6A40BDD4A84AD9 /* Pods_GMApp.framework */,
			);
			name = Frameworks;
			sourceTree = "<group>";
		};
/* End PBXGroup section */

/* Begin PBXNativeTarget section */
		B8C516EE2424D2780084C237 /* GMApp */ = {
			isa = PBXNativeTarget;
			buildConfigurationList = B8C517062424D2790084C237 /* Build configuration list for PBXNativeTarget "GMApp" */;
			buildPhases = (
				44A414AB1AD193379816F9D4 /* [CP] Check Pods Manifest.lock */,
				B8C516EB2424D2780084C237 /* Sources */,
				B8C516EC2424D2780084C237 /* Frameworks */,
				B8C516ED2424D2780084C237 /* Resources */,
				ADFC13E4EF25BEAF7F19BD51 /* [CP] Embed Pods Frameworks */,
			);
			buildRules = (
			);
			dependencies = (
			);
			name = GMApp;
			productName = GMApp;
			productReference = B8C516EF2424D2780084C237 /* GMApp.app */;
			productType = "com.apple.product-type.application";
		};
/* End PBXNativeTarget section */

/* Begin PBXProject section */
		B8C516E72424D2780084C237 /* Project object */ = {
			isa = PBXProject;
			attributes = {
				LastSwiftUpdateCheck = 1130;
				LastUpgradeCheck = 1130;
				ORGANIZATIONNAME = abdullah;
				TargetAttributes = {
					B8C516EE2424D2780084C237 = {
						CreatedOnToolsVersion = 11.3.1;
					};
				};
			};
			buildConfigurationList = B8C516EA2424D2780084C237 /* Build configuration list for PBXProject "GMApp" */;
			compatibilityVersion = "Xcode 9.3";
			developmentRegion = en;
			hasScannedForEncodings = 0;
			knownRegions = (
				en,
				Base,
			);
			mainGroup = B8C516E62424D2780084C237;
			productRefGroup = B8C516F02424D2780084C237 /* Products */;
			projectDirPath = "";
			projectRoot = "";
			targets = (
				B8C516EE2424D2780084C237 /* GMApp */,
			);
		};
/* End PBXProject section */

/* Begin PBXResourcesBuildPhase section */
		B8C516ED2424D2780084C237 /* Resources */ = {
			isa = PBXResourcesBuildPhase;
			buildActionMask = 2147483647;
			files = (
				B8C517022424D2790084C237 /* LaunchScreen.storyboard in Resources */,
				B8C5170C2424D31D0084C237 /* ImageCell.xib in Resources */,
				B8C516FF2424D2790084C237 /* Assets.xcassets in Resources */,
				B8C516FA2424D2780084C237 /* Main.storyboard in Resources */,
			);
			runOnlyForDeploymentPostprocessing = 0;
		};
/* End PBXResourcesBuildPhase section */

/* Begin PBXShellScriptBuildPhase section */
		44A414AB1AD193379816F9D4 /* [CP] Check Pods Manifest.lock */ = {
			isa = PBXShellScriptBuildPhase;
			buildActionMask = 2147483647;
			files = (
			);
			inputFileListPaths = (
			);
			inputPaths = (
				"${PODS_PODFILE_DIR_PATH}/Podfile.lock",
				"${PODS_ROOT}/Manifest.lock",
			);
			name = "[CP] Check Pods Manifest.lock";
			outputFileListPaths = (
			);
			outputPaths = (
				"$(DERIVED_FILE_DIR)/Pods-GMApp-checkManifestLockResult.txt",
			);
			runOnlyForDeploymentPostprocessing = 0;
			shellPath = /bin/sh;
			shellScript = "diff \"${PODS_PODFILE_DIR_PATH}/Podfile.lock\" \"${PODS_ROOT}/Manifest.lock\" > /dev/null\nif [ $? != 0 ] ; then\n    # print error to STDERR\n    echo \"error: The sandbox is not in sync with the Podfile.lock. Run 'pod install' or update your CocoaPods installation.\" >&2\n    exit 1\nfi\n# This output is used by Xcode 'outputs' to avoid re-running this script phase.\necho \"SUCCESS\" > \"${SCRIPT_OUTPUT_FILE_0}\"\n";
			showEnvVarsInLog = 0;
		};
		ADFC13E4EF25BEAF7F19BD51 /* [CP] Embed Pods Frameworks */ = {
			isa = PBXShellScriptBuildPhase;
			buildActionMask = 2147483647;
			files = (
			);
			inputFileListPaths = (
				"${PODS_ROOT}/Target Support Files/Pods-GMApp/Pods-GMApp-frameworks-${CONFIGURATION}-input-files.xcfilelist",
			);
			name = "[CP] Embed Pods Frameworks";
			outputFileListPaths = (
				"${PODS_ROOT}/Target Support Files/Pods-GMApp/Pods-GMApp-frameworks-${CONFIGURATION}-output-files.xcfilelist",
			);
			runOnlyForDeploymentPostprocessing = 0;
			shellPath = /bin/sh;
			shellScript = "\"${PODS_ROOT}/Target Support Files/Pods-GMApp/Pods-GMApp-frameworks.sh\"\n";
			showEnvVarsInLog = 0;
		};
/* End PBXShellScriptBuildPhase section */

/* Begin PBXSourcesBuildPhase section */
		B8C516EB2424D2780084C237 /* Sources */ = {
			isa = PBXSourcesBuildPhase;
			buildActionMask = 2147483647;
			files = (
				B802F2F22425FF8900FB9FD6 /* CustomLayout.swift in Sources */,
				B8C516F72424D2780084C237 /* ViewController.swift in Sources */,
				B8C516F32424D2780084C237 /* AppDelegate.swift in Sources */,
				B8C516F52424D2780084C237 /* SceneDelegate.swift in Sources */,
				B8C516FD2424D2780084C237 /* GMApp.xcdatamodeld in Sources */,
				B8C5170B2424D31D0084C237 /* ImageCell.swift in Sources */,
			);
			runOnlyForDeploymentPostprocessing = 0;
		};
/* End PBXSourcesBuildPhase section */

/* Begin PBXVariantGroup section */
		B8C516F82424D2780084C237 /* Main.storyboard */ = {
			isa = PBXVariantGroup;
			children = (
				B8C516F92424D2780084C237 /* Base */,
			);
			name = Main.storyboard;
			sourceTree = "<group>";
		};
		B8C517002424D2790084C237 /* LaunchScreen.storyboard */ = {
			isa = PBXVariantGroup;
			children = (
				B8C517012424D2790084C237 /* Base */,
			);
			name = LaunchScreen.storyboard;
			sourceTree = "<group>";
		};
/* End PBXVariantGroup section */

/* Begin XCBuildConfiguration section */
		B8C517042424D2790084C237 /* Debug */ = {
			isa = XCBuildConfiguration;
			buildSettings = {
				ALWAYS_SEARCH_USER_PATHS = NO;
				CLANG_ANALYZER_NONNULL = YES;
				CLANG_ANALYZER_NUMBER_OBJECT_CONVERSION = YES_AGGRESSIVE;
				CLANG_CXX_LANGUAGE_STANDARD = "gnu++14";
				CLANG_CXX_LIBRARY = "libc++";
				CLANG_ENABLE_MODULES = YES;
				CLANG_ENABLE_OBJC_ARC = YES;
				CLANG_ENABLE_OBJC_WEAK = YES;
				CLANG_WARN_BLOCK_CAPTURE_AUTORELEASING = YES;
				CLANG_WARN_BOOL_CONVERSION = YES;
				CLANG_WARN_COMMA = YES;
				CLANG_WARN_CONSTANT_CONVERSION = YES;
				CLANG_WARN_DEPRECATED_OBJC_IMPLEMENTATIONS = YES;
				CLANG_WARN_DIRECT_OBJC_ISA_USAGE = YES_ERROR;
				CLANG_WARN_DOCUMENTATION_COMMENTS = YES;
				CLANG_WARN_EMPTY_BODY = YES;
				CLANG_WARN_ENUM_CONVERSION = YES;
				CLANG_WARN_INFINITE_RECURSION = YES;
				CLANG_WARN_INT_CONVERSION = YES;
				CLANG_WARN_NON_LITERAL_NULL_CONVERSION = YES;
				CLANG_WARN_OBJC_IMPLICIT_RETAIN_SELF = YES;
				CLANG_WARN_OBJC_LITERAL_CONVERSION = YES;
				CLANG_WARN_OBJC_ROOT_CLASS = YES_ERROR;
				CLANG_WARN_RANGE_LOOP_ANALYSIS = YES;
				CLANG_WARN_STRICT_PROTOTYPES = YES;
				CLANG_WARN_SUSPICIOUS_MOVE = YES;
				CLANG_WARN_UNGUARDED_AVAILABILITY = YES_AGGRESSIVE;
				CLANG_WARN_UNREACHABLE_CODE = YES;
				CLANG_WARN__DUPLICATE_METHOD_MATCH = YES;
				COPY_PHASE_STRIP = NO;
				DEBUG_INFORMATION_FORMAT = dwarf;
				ENABLE_STRICT_OBJC_MSGSEND = YES;
				ENABLE_TESTABILITY = YES;
				GCC_C_LANGUAGE_STANDARD = gnu11;
				GCC_DYNAMIC_NO_PIC = NO;
				GCC_NO_COMMON_BLOCKS = YES;
				GCC_OPTIMIZATION_LEVEL = 0;
				GCC_PREPROCESSOR_DEFINITIONS = (
					"DEBUG=1",
					"$(inherited)",
				);
				GCC_WARN_64_TO_32_BIT_CONVERSION = YES;
				GCC_WARN_ABOUT_RETURN_TYPE = YES_ERROR;
				GCC_WARN_UNDECLARED_SELECTOR = YES;
				GCC_WARN_UNINITIALIZED_AUTOS = YES_AGGRESSIVE;
				GCC_WARN_UNUSED_FUNCTION = YES;
				GCC_WARN_UNUSED_VARIABLE = YES;
				IPHONEOS_DEPLOYMENT_TARGET = 13.2;
				MTL_ENABLE_DEBUG_INFO = INCLUDE_SOURCE;
				MTL_FAST_MATH = YES;
				ONLY_ACTIVE_ARCH = YES;
				SDKROOT = iphoneos;
				SWIFT_ACTIVE_COMPILATION_CONDITIONS = DEBUG;
				SWIFT_OPTIMIZATION_LEVEL = "-Onone";
			};
			name = Debug;
		};
		B8C517052424D2790084C237 /* Release */ = {
			isa = XCBuildConfiguration;
			buildSettings = {
				ALWAYS_SEARCH_USER_PATHS = NO;
				CLANG_ANALYZER_NONNULL = YES;
				CLANG_ANALYZER_NUMBER_OBJECT_CONVERSION = YES_AGGRESSIVE;
				CLANG_CXX_LANGUAGE_STANDARD = "gnu++14";
				CLANG_CXX_LIBRARY = "libc++";
				CLANG_ENABLE_MODULES = YES;
				CLANG_ENABLE_OBJC_ARC = YES;
				CLANG_ENABLE_OBJC_WEAK = YES;
				CLANG_WARN_BLOCK_CAPTURE_AUTORELEASING = YES;
				CLANG_WARN_BOOL_CONVERSION = YES;
				CLANG_WARN_COMMA = YES;
				CLANG_WARN_CONSTANT_CONVERSION = YES;
				CLANG_WARN_DEPRECATED_OBJC_IMPLEMENTATIONS = YES;
				CLANG_WARN_DIRECT_OBJC_ISA_USAGE = YES_ERROR;
				CLANG_WARN_DOCUMENTATION_COMMENTS = YES;
				CLANG_WARN_EMPTY_BODY = YES;
				CLANG_WARN_ENUM_CONVERSION = YES;
				CLANG_WARN_INFINITE_RECURSION = YES;
				CLANG_WARN_INT_CONVERSION = YES;
				CLANG_WARN_NON_LITERAL_NULL_CONVERSION = YES;
				CLANG_WARN_OBJC_IMPLICIT_RETAIN_SELF = YES;
				CLANG_WARN_OBJC_LITERAL_CONVERSION = YES;
				CLANG_WARN_OBJC_ROOT_CLASS = YES_ERROR;
				CLANG_WARN_RANGE_LOOP_ANALYSIS = YES;
				CLANG_WARN_STRICT_PROTOTYPES = YES;
				CLANG_WARN_SUSPICIOUS_MOVE = YES;
				CLANG_WARN_UNGUARDED_AVAILABILITY = YES_AGGRESSIVE;
				CLANG_WARN_UNREACHABLE_CODE = YES;
				CLANG_WARN__DUPLICATE_METHOD_MATCH = YES;
				COPY_PHASE_STRIP = NO;
				DEBUG_INFORMATION_FORMAT = "dwarf-with-dsym";
				ENABLE_NS_ASSERTIONS = NO;
				ENABLE_STRICT_OBJC_MSGSEND = YES;
				GCC_C_LANGUAGE_STANDARD = gnu11;
				GCC_NO_COMMON_BLOCKS = YES;
				GCC_WARN_64_TO_32_BIT_CONVERSION = YES;
				GCC_WARN_ABOUT_RETURN_TYPE = YES_ERROR;
				GCC_WARN_UNDECLARED_SELECTOR = YES;
				GCC_WARN_UNINITIALIZED_AUTOS = YES_AGGRESSIVE;
				GCC_WARN_UNUSED_FUNCTION = YES;
				GCC_WARN_UNUSED_VARIABLE = YES;
				IPHONEOS_DEPLOYMENT_TARGET = 13.2;
				MTL_ENABLE_DEBUG_INFO = NO;
				MTL_FAST_MATH = YES;
				SDKROOT = iphoneos;
				SWIFT_COMPILATION_MODE = wholemodule;
				SWIFT_OPTIMIZATION_LEVEL = "-O";
				VALIDATE_PRODUCT = YES;
			};
			name = Release;
		};
		B8C517072424D2790084C237 /* Debug */ = {
			isa = XCBuildConfiguration;
			baseConfigurationReference = 54FBB2FD123F14FFAFE8B0F2 /* Pods-GMApp.debug.xcconfig */;
			buildSettings = {
				ASSETCATALOG_COMPILER_APPICON_NAME = AppIcon;
				CODE_SIGN_STYLE = Automatic;
				DEVELOPMENT_TEAM = 4438DCVBWY;
				INFOPLIST_FILE = GMApp/Info.plist;
				LD_RUNPATH_SEARCH_PATHS = (
					"$(inherited)",
					"@executable_path/Frameworks",
				);
				PRODUCT_BUNDLE_IDENTIFIER = com.GMApp;
				PRODUCT_NAME = "$(TARGET_NAME)";
				SWIFT_VERSION = 5.0;
				TARGETED_DEVICE_FAMILY = "1,2";
			};
			name = Debug;
		};
		B8C517082424D2790084C237 /* Release */ = {
			isa = XCBuildConfiguration;
			baseConfigurationReference = 018E4A6708CE5EE4F56F042A /* Pods-GMApp.release.xcconfig */;
			buildSettings = {
				ASSETCATALOG_COMPILER_APPICON_NAME = AppIcon;
				CODE_SIGN_STYLE = Automatic;
				DEVELOPMENT_TEAM = 4438DCVBWY;
				INFOPLIST_FILE = GMApp/Info.plist;
				LD_RUNPATH_SEARCH_PATHS = (
					"$(inherited)",
					"@executable_path/Frameworks",
				);
				PRODUCT_BUNDLE_IDENTIFIER = com.GMApp;
				PRODUCT_NAME = "$(TARGET_NAME)";
				SWIFT_VERSION = 5.0;
				TARGETED_DEVICE_FAMILY = "1,2";
			};
			name = Release;
		};
/* End XCBuildConfiguration section */

/* Begin XCConfigurationList section */
		B8C516EA2424D2780084C237 /* Build configuration list for PBXProject "GMApp" */ = {
			isa = XCConfigurationList;
			buildConfigurations = (
				B8C517042424D2790084C237 /* Debug */,
				B8C517052424D2790084C237 /* Release */,
			);
			defaultConfigurationIsVisible = 0;
			defaultConfigurationName = Release;
		};
		B8C517062424D2790084C237 /* Build configuration list for PBXNativeTarget "GMApp" */ = {
			isa = XCConfigurationList;
			buildConfigurations = (
				B8C517072424D2790084C237 /* Debug */,
				B8C517082424D2790084C237 /* Release */,
			);
			defaultConfigurationIsVisible = 0;
			defaultConfigurationName = Release;
		};
/* End XCConfigurationList section */

/* Begin XCVersionGroup section */
		B8C516FB2424D2780084C237 /* GMApp.xcdatamodeld */ = {
			isa = XCVersionGroup;
			children = (
				B8C516FC2424D2780084C237 /* GMApp.xcdatamodel */,
			);
			currentVersion = B8C516FC2424D2780084C237 /* GMApp.xcdatamodel */;
			path = GMApp.xcdatamodeld;
			sourceTree = "<group>";
			versionGroupType = wrapper.xcdatamodel;
		};
/* End XCVersionGroup section */
	};
	rootObject = B8C516E72424D2780084C237 /* Project object */;
}
